
Microsoft Visual Studio Solution File, Format Version 12.00
# Visual Studio Version 17
VisualStudioVersion = 17.11.35208.52
MinimumVisualStudioVersion = 10.0.40219.1
Project("{9A19103F-16F7-4668-BE54-9A1E7A4F7556}") = "InkataBot", "InkataBot.csproj", "{6CAEB83E-6701-415E-93B4-CA059962FA80}"
EndProject
Global
	GlobalSection(SolutionConfigurationPlatforms) = preSolution
		Debug|Any CPU = Debug|Any CPU
		Release|Any CPU = Release|Any CPU
	EndGlobalSection
	GlobalSection(ProjectConfigurationPlatforms) = postSolution
		{6CAEB83E-6701-415E-93B4-CA059962FA80}.Debug|Any CPU.ActiveCfg = Debug|Any CPU
		{6CAEB83E-6701-415E-93B4-CA059962FA80}.Debug|Any CPU.Build.0 = Debug|Any CPU
		{6CAEB83E-6701-415E-93B4-CA059962FA80}.Release|Any CPU.ActiveCfg = Release|Any CPU
		{6CAEB83E-6701-415E-93B4-CA059962FA80}.Release|Any CPU.Build.0 = Release|Any CPU
	EndGlobalSection
	GlobalSection(SolutionProperties) = preSolution
		HideSolutionNode = FALSE
	EndGlobalSection
	GlobalSection(ExtensibilityGlobals) = postSolution
		SolutionGuid = {F7D479CC-8B77-44EB-B559-D021B98FB0EF}
	EndGlobalSection
EndGlobal
